{
    "_readme": [
        "This file locks the dependencies of your project to a known state",
        "Read more about it at http://getcomposer.org/doc/01-basic-usage.md#composer-lock-the-lock-file"
    ],
    "hash": "6d3068ad4f1e5b630970783184318ae7",
    "packages": [
        {
            "name": "phpcollection/phpcollection",
            "version": "dev-master",
            "source": {
                "type": "git",
                "url": "https://github.com/schmittjoh/php-collection.git",
                "reference": "5c8ec0d1091c95b973b59a3bf0eb19c5de72d8d1"
            },
            "dist": {
                "type": "zip",
                "url": "https://api.github.com/repos/schmittjoh/php-collection/zipball/5c8ec0d1091c95b973b59a3bf0eb19c5de72d8d1",
                "reference": "5c8ec0d1091c95b973b59a3bf0eb19c5de72d8d1",
                "shasum": ""
            },
            "require": {
                "phpoption/phpoption": "1.*"
            },
            "type": "library",
            "extra": {
                "branch-alias": {
                    "dev-master": "0.2-dev"
                }
            },
            "autoload": {
                "psr-0": {
                    "PhpCollection": "src/"
                }
            },
            "notification-url": "https://packagist.org/downloads/",
            "license": [
                "Apache2"
            ],
            "authors": [
                {
                    "name": "Johannes M. Schmitt",
                    "email": "schmittjoh@gmail.com",
                    "homepage": "http://jmsyst.com",
                    "role": "Developer of wrapped JMSSerializerBundle"
                }
            ],
            "description": "General-Purpose Collection Library for PHP",
            "keywords": [
                "collection",
                "list",
                "map",
                "sequence",
                "set"
            ],
            "time": "2013-08-22 09:46:14"
        },
        {
            "name": "phpoption/phpoption",
            "version": "dev-master",
            "source": {
                "type": "git",
                "url": "https://github.com/schmittjoh/php-option.git",
                "reference": "1c7e8016289d17d83ced49c56d0f266fd0568941"
            },
            "dist": {
                "type": "zip",
                "url": "https://api.github.com/repos/schmittjoh/php-option/zipball/1c7e8016289d17d83ced49c56d0f266fd0568941",
                "reference": "1c7e8016289d17d83ced49c56d0f266fd0568941",
                "shasum": ""
            },
            "require": {
                "php": ">=5.3.0"
            },
            "type": "library",
            "extra": {
                "branch-alias": {
                    "dev-master": "1.3-dev"
                }
            },
            "autoload": {
                "psr-0": {
                    "PhpOption\\": "src/"
                }
            },
            "notification-url": "https://packagist.org/downloads/",
            "license": [
                "Apache2"
            ],
            "authors": [
                {
                    "name": "Johannes M. Schmitt",
                    "email": "schmittjoh@gmail.com",
                    "homepage": "http://jmsyst.com",
                    "role": "Developer of wrapped JMSSerializerBundle"
                }
            ],
            "description": "Option Type for PHP",
            "keywords": [
                "language",
                "option",
                "php",
                "type"
            ],
            "time": "2013-05-19 11:09:35"
        },
        {
            "name": "psr/log",
            "version": "dev-master",
            "source": {
                "type": "git",
                "url": "https://github.com/php-fig/log.git",
                "reference": "fe0936ee26643249e916849d48e3a51d5f5e278b"
            },
            "dist": {
                "type": "zip",
                "url": "https://api.github.com/repos/php-fig/log/zipball/fe0936ee26643249e916849d48e3a51d5f5e278b",
                "reference": "fe0936ee26643249e916849d48e3a51d5f5e278b",
                "shasum": ""
            },
            "type": "library",
            "autoload": {
                "psr-0": {
                    "Psr\\Log\\": ""
                }
            },
            "notification-url": "https://packagist.org/downloads/",
            "license": [
                "MIT"
            ],
            "authors": [
                {
                    "name": "PHP-FIG",
                    "homepage": "http://www.php-fig.org/"
                }
            ],
            "description": "Common interface for logging libraries",
            "keywords": [
                "log",
                "psr",
                "psr-3"
            ],
            "time": "2012-12-21 11:40:51"
        },
        {
            "name": "thinframe/foundation",
            "version": "dev-master",
            "source": {
                "type": "git",
                "url": "https://github.com/thinframe/foundation.git",
                "reference": "de444906dea18fe1038cd0ae435c020240e1bbd7"
            },
            "dist": {
                "type": "zip",
                "url": "https://api.github.com/repos/thinframe/foundation/zipball/de444906dea18fe1038cd0ae435c020240e1bbd7",
                "reference": "de444906dea18fe1038cd0ae435c020240e1bbd7",
                "shasum": ""
            },
            "require": {
                "php": ">=5.4.0",
                "phpcollection/phpcollection": "dev-master",
                "psr/log": "dev-master"
            },
            "type": "library",
            "autoload": {
                "psr-0": {
                    "": "src/"
                }
            },
            "notification-url": "https://packagist.org/downloads/",
            "license": [
                "MIT"
            ],
            "authors": [
                {
                    "name": "Sorin Badea",
                    "email": "sorin.badea91@gmail.com",
                    "homepage": "http://sorinbadea.me",
                    "role": "Developer"
                }
            ],
            "description": "A collection of classes that make the foundation of all ThinFrame components",
            "homepage": "http://thinframe.net",
            "keywords": [
                "foundation",
                "thinframe"
            ],
            "time": "2013-11-11 18:42:38"
        }
    ],
    "packages-dev": [

    ],
    "aliases": [

    ],
    "minimum-stability": "dev",
    "stability-flags": {
        "thinframe/foundation": 20
    },
    "platform": {
        "php": ">=5.4.0"
    },
    "platform-dev": [

    ]
}
