{
    "_readme": [
        "This file locks the dependencies of your project to a known state",
        "Read more about it at http://getcomposer.org/doc/01-basic-usage.md#composer-lock-the-lock-file"
    ],
    "hash": "6055303e9aba97f9448b16fa825a073c",
    "packages": [
        {
            "name": "danielstjules/stringy",
            "version": "1.4.0",
            "source": {
                "type": "git",
                "url": "https://github.com/danielstjules/Stringy.git",
                "reference": "b990df3c6136509775e03a1f58cb658c5b11b682"
            },
            "dist": {
                "type": "zip",
                "url": "https://api.github.com/repos/danielstjules/Stringy/zipball/b990df3c6136509775e03a1f58cb658c5b11b682",
                "reference": "b990df3c6136509775e03a1f58cb658c5b11b682",
                "shasum": ""
            },
            "require": {
                "php": ">=5.3.0"
            },
            "type": "library",
            "autoload": {
                "psr-4": {
                    "Stringy\\": "src/"
                }
            },
            "notification-url": "https://packagist.org/downloads/",
            "license": [
                "MIT"
            ],
            "authors": [
                {
                    "name": "Daniel St. Jules",
                    "email": "danielst.jules@gmail.com",
                    "homepage": "http://www.danielstjules.com"
                }
            ],
            "description": "A string manipulation library with multibyte support",
            "homepage": "https://github.com/danielstjules/Stringy",
            "keywords": [
                "UTF",
                "helpers",
                "manipulation",
                "methods",
                "multibyte",
                "string",
                "utf-8",
                "utility",
                "utils"
            ],
            "time": "2014-02-13 00:26:15"
        },
        {
            "name": "monolog/monolog",
            "version": "dev-master",
            "source": {
                "type": "git",
                "url": "https://github.com/Seldaek/monolog.git",
                "reference": "dc75a998d83ebb285b94b1a6fd96644b457ed33c"
            },
            "dist": {
                "type": "zip",
                "url": "https://api.github.com/repos/Seldaek/monolog/zipball/dc75a998d83ebb285b94b1a6fd96644b457ed33c",
                "reference": "dc75a998d83ebb285b94b1a6fd96644b457ed33c",
                "shasum": ""
            },
            "require": {
                "php": ">=5.3.0",
                "psr/log": "~1.0"
            },
            "require-dev": {
                "aws/aws-sdk-php": "~2.4, >2.4.8",
                "doctrine/couchdb": "~1.0@dev",
                "graylog2/gelf-php": "~1.0",
                "phpunit/phpunit": "~3.7.0",
                "raven/raven": "~0.5",
                "ruflin/elastica": "0.90.*"
            },
            "suggest": {
                "aws/aws-sdk-php": "Allow sending log messages to AWS services like DynamoDB",
                "doctrine/couchdb": "Allow sending log messages to a CouchDB server",
                "ext-amqp": "Allow sending log messages to an AMQP server (1.0+ required)",
                "ext-mongo": "Allow sending log messages to a MongoDB server",
                "graylog2/gelf-php": "Allow sending log messages to a GrayLog2 server",
                "raven/raven": "Allow sending log messages to a Sentry server",
                "rollbar/rollbar": "Allow sending log messages to Rollbar",
                "ruflin/elastica": "Allow sending log messages to an Elastic Search server"
            },
            "type": "library",
            "extra": {
                "branch-alias": {
                    "dev-master": "1.7.x-dev"
                }
            },
            "autoload": {
                "psr-4": {
                    "Monolog\\": "src/Monolog"
                }
            },
            "notification-url": "https://packagist.org/downloads/",
            "license": [
                "MIT"
            ],
            "authors": [
                {
                    "name": "Jordi Boggiano",
                    "email": "j.boggiano@seld.be",
                    "homepage": "http://seld.be",
                    "role": "Developer"
                }
            ],
            "description": "Sends your logs to files, sockets, inboxes, databases and various web services",
            "homepage": "http://github.com/Seldaek/monolog",
            "keywords": [
                "log",
                "logging",
                "psr-3"
            ],
            "time": "2014-03-09 20:51:48"
        },
        {
            "name": "phpcollection/phpcollection",
            "version": "0.3.1",
            "source": {
                "type": "git",
                "url": "https://github.com/schmittjoh/php-collection.git",
                "reference": "dbec93115a5ff149b476ee2d4ede3880239a3d77"
            },
            "dist": {
                "type": "zip",
                "url": "https://api.github.com/repos/schmittjoh/php-collection/zipball/dbec93115a5ff149b476ee2d4ede3880239a3d77",
                "reference": "dbec93115a5ff149b476ee2d4ede3880239a3d77",
                "shasum": ""
            },
            "require": {
                "phpoption/phpoption": "1.*"
            },
            "type": "library",
            "extra": {
                "branch-alias": {
                    "dev-master": "0.2-dev"
                }
            },
            "autoload": {
                "psr-0": {
                    "PhpCollection": "src/"
                }
            },
            "notification-url": "https://packagist.org/downloads/",
            "license": [
                "Apache2"
            ],
            "authors": [
                {
                    "name": "Johannes M. Schmitt",
                    "email": "schmittjoh@gmail.com",
                    "homepage": "http://jmsyst.com",
                    "role": "Developer of wrapped JMSSerializerBundle"
                }
            ],
            "description": "General-Purpose Collection Library for PHP",
            "keywords": [
                "collection",
                "list",
                "map",
                "sequence",
                "set"
            ],
            "time": "2013-12-13 09:27:51"
        },
        {
            "name": "phpoption/phpoption",
            "version": "1.4.0",
            "source": {
                "type": "git",
                "url": "https://github.com/schmittjoh/php-option.git",
                "reference": "5d099bcf0393908bf4ad69cc47dafb785d51f7f5"
            },
            "dist": {
                "type": "zip",
                "url": "https://api.github.com/repos/schmittjoh/php-option/zipball/5d099bcf0393908bf4ad69cc47dafb785d51f7f5",
                "reference": "5d099bcf0393908bf4ad69cc47dafb785d51f7f5",
                "shasum": ""
            },
            "require": {
                "php": ">=5.3.0"
            },
            "type": "library",
            "extra": {
                "branch-alias": {
                    "dev-master": "1.3-dev"
                }
            },
            "autoload": {
                "psr-0": {
                    "PhpOption\\": "src/"
                }
            },
            "notification-url": "https://packagist.org/downloads/",
            "license": [
                "Apache2"
            ],
            "authors": [
                {
                    "name": "Johannes M. Schmitt",
                    "email": "schmittjoh@gmail.com",
                    "homepage": "http://jmsyst.com",
                    "role": "Developer of wrapped JMSSerializerBundle"
                }
            ],
            "description": "Option Type for PHP",
            "keywords": [
                "language",
                "option",
                "php",
                "type"
            ],
            "time": "2014-01-09 22:37:17"
        },
        {
            "name": "psr/log",
            "version": "dev-master",
            "source": {
                "type": "git",
                "url": "https://github.com/php-fig/log.git",
                "reference": "a78d6504ff5d4367497785ab2ade91db3a9fbe11"
            },
            "dist": {
                "type": "zip",
                "url": "https://api.github.com/repos/php-fig/log/zipball/a78d6504ff5d4367497785ab2ade91db3a9fbe11",
                "reference": "a78d6504ff5d4367497785ab2ade91db3a9fbe11",
                "shasum": ""
            },
            "type": "library",
            "extra": {
                "branch-alias": {
                    "dev-master": "1.0.x-dev"
                }
            },
            "autoload": {
                "psr-0": {
                    "Psr\\Log\\": ""
                }
            },
            "notification-url": "https://packagist.org/downloads/",
            "license": [
                "MIT"
            ],
            "authors": [
                {
                    "name": "PHP-FIG",
                    "homepage": "http://www.php-fig.org/"
                }
            ],
            "description": "Common interface for logging libraries",
            "keywords": [
                "log",
                "psr",
                "psr-3"
            ],
            "time": "2014-01-18 15:33:09"
        },
        {
            "name": "symfony/config",
            "version": "v2.4.2",
            "target-dir": "Symfony/Component/Config",
            "source": {
                "type": "git",
                "url": "https://github.com/symfony/Config.git",
                "reference": "d81bd01eac1514c10dcb3b11eaa9048d6b87dd1f"
            },
            "dist": {
                "type": "zip",
                "url": "https://api.github.com/repos/symfony/Config/zipball/d81bd01eac1514c10dcb3b11eaa9048d6b87dd1f",
                "reference": "d81bd01eac1514c10dcb3b11eaa9048d6b87dd1f",
                "shasum": ""
            },
            "require": {
                "php": ">=5.3.3",
                "symfony/filesystem": "~2.3"
            },
            "type": "library",
            "extra": {
                "branch-alias": {
                    "dev-master": "2.4-dev"
                }
            },
            "autoload": {
                "psr-0": {
                    "Symfony\\Component\\Config\\": ""
                }
            },
            "notification-url": "https://packagist.org/downloads/",
            "license": [
                "MIT"
            ],
            "authors": [
                {
                    "name": "Fabien Potencier",
                    "email": "fabien@symfony.com",
                    "homepage": "http://fabien.potencier.org",
                    "role": "Lead Developer"
                },
                {
                    "name": "Symfony Community",
                    "homepage": "http://symfony.com/contributors"
                }
            ],
            "description": "Symfony Config Component",
            "homepage": "http://symfony.com",
            "time": "2014-01-07 13:28:54"
        },
        {
            "name": "symfony/dependency-injection",
            "version": "v2.4.2",
            "target-dir": "Symfony/Component/DependencyInjection",
            "source": {
                "type": "git",
                "url": "https://github.com/symfony/DependencyInjection.git",
                "reference": "dde921399691bdb3b32a3c2557dcb2054db7593a"
            },
            "dist": {
                "type": "zip",
                "url": "https://api.github.com/repos/symfony/DependencyInjection/zipball/dde921399691bdb3b32a3c2557dcb2054db7593a",
                "reference": "dde921399691bdb3b32a3c2557dcb2054db7593a",
                "shasum": ""
            },
            "require": {
                "php": ">=5.3.3"
            },
            "require-dev": {
                "symfony/config": "~2.2",
                "symfony/expression-language": "~2.4",
                "symfony/yaml": "~2.0"
            },
            "suggest": {
                "symfony/config": "",
                "symfony/proxy-manager-bridge": "Generate service proxies to lazy load them",
                "symfony/yaml": ""
            },
            "type": "library",
            "extra": {
                "branch-alias": {
                    "dev-master": "2.4-dev"
                }
            },
            "autoload": {
                "psr-0": {
                    "Symfony\\Component\\DependencyInjection\\": ""
                }
            },
            "notification-url": "https://packagist.org/downloads/",
            "license": [
                "MIT"
            ],
            "authors": [
                {
                    "name": "Fabien Potencier",
                    "email": "fabien@symfony.com",
                    "homepage": "http://fabien.potencier.org",
                    "role": "Lead Developer"
                },
                {
                    "name": "Symfony Community",
                    "homepage": "http://symfony.com/contributors"
                }
            ],
            "description": "Symfony DependencyInjection Component",
            "homepage": "http://symfony.com",
            "time": "2014-02-11 13:52:09"
        },
        {
            "name": "symfony/filesystem",
            "version": "dev-master",
            "target-dir": "Symfony/Component/Filesystem",
            "source": {
                "type": "git",
                "url": "https://github.com/symfony/Filesystem.git",
                "reference": "e81f1b30eb9748c3f8e0de3a92ea210845cff0a9"
            },
            "dist": {
                "type": "zip",
                "url": "https://api.github.com/repos/symfony/Filesystem/zipball/e81f1b30eb9748c3f8e0de3a92ea210845cff0a9",
                "reference": "e81f1b30eb9748c3f8e0de3a92ea210845cff0a9",
                "shasum": ""
            },
            "require": {
                "php": ">=5.3.3"
            },
            "type": "library",
            "extra": {
                "branch-alias": {
                    "dev-master": "2.5-dev"
                }
            },
            "autoload": {
                "psr-0": {
                    "Symfony\\Component\\Filesystem\\": ""
                }
            },
            "notification-url": "https://packagist.org/downloads/",
            "license": [
                "MIT"
            ],
            "authors": [
                {
                    "name": "Fabien Potencier",
                    "email": "fabien@symfony.com",
                    "homepage": "http://fabien.potencier.org",
                    "role": "Lead Developer"
                },
                {
                    "name": "Symfony Community",
                    "homepage": "http://symfony.com/contributors"
                }
            ],
            "description": "Symfony Filesystem Component",
            "homepage": "http://symfony.com",
            "time": "2014-01-07 13:29:57"
        },
        {
            "name": "symfony/yaml",
            "version": "v2.4.2",
            "target-dir": "Symfony/Component/Yaml",
            "source": {
                "type": "git",
                "url": "https://github.com/symfony/Yaml.git",
                "reference": "bb6ddaf8956139d1b8c360b4b713ed0138e876b3"
            },
            "dist": {
                "type": "zip",
                "url": "https://api.github.com/repos/symfony/Yaml/zipball/bb6ddaf8956139d1b8c360b4b713ed0138e876b3",
                "reference": "bb6ddaf8956139d1b8c360b4b713ed0138e876b3",
                "shasum": ""
            },
            "require": {
                "php": ">=5.3.3"
            },
            "type": "library",
            "extra": {
                "branch-alias": {
                    "dev-master": "2.4-dev"
                }
            },
            "autoload": {
                "psr-0": {
                    "Symfony\\Component\\Yaml\\": ""
                }
            },
            "notification-url": "https://packagist.org/downloads/",
            "license": [
                "MIT"
            ],
            "authors": [
                {
                    "name": "Fabien Potencier",
                    "email": "fabien@symfony.com",
                    "homepage": "http://fabien.potencier.org",
                    "role": "Lead Developer"
                },
                {
                    "name": "Symfony Community",
                    "homepage": "http://symfony.com/contributors"
                }
            ],
            "description": "Symfony Yaml Component",
            "homepage": "http://symfony.com",
            "time": "2014-01-07 13:28:54"
        },
        {
            "name": "thinframe/applications",
            "version": "dev-develop",
            "source": {
                "type": "git",
                "url": "https://github.com/thinframe/applications.git",
                "reference": "b2b7a2e9fdd5103f815d51dd3faba4ca7aea53cd"
            },
            "dist": {
                "type": "zip",
                "url": "https://api.github.com/repos/thinframe/applications/zipball/b2b7a2e9fdd5103f815d51dd3faba4ca7aea53cd",
                "reference": "b2b7a2e9fdd5103f815d51dd3faba4ca7aea53cd",
                "shasum": ""
            },
            "require": {
                "php": ">=5.4.0",
                "symfony/config": "2.4.2",
                "symfony/dependency-injection": "2.4.2",
                "symfony/yaml": "2.4.2",
                "thinframe/foundation": "dev-develop"
            },
            "type": "library",
            "extra": {
                "branch-alias": {
                    "dev-master": "0.2-dev",
                    "dev-develop": "0.3-dev"
                }
            },
            "autoload": {
                "psr-4": {
                    "ThinFrame\\Applications\\": "src/"
                }
            },
            "notification-url": "https://packagist.org/downloads/",
            "license": [
                "MIT"
            ],
            "authors": [
                {
                    "name": "Sorin Badea",
                    "email": "sorin.badea91@gmail.com",
                    "homepage": "http://sorinbadea.me",
                    "role": "Developer"
                }
            ],
            "description": "PHP applications ecosystem",
            "homepage": "http://thinframe.net",
            "keywords": [
                "Applications",
                "ecosystem",
                "thinframe"
            ],
            "time": "2014-03-09 16:06:40"
        },
        {
            "name": "thinframe/events",
            "version": "dev-develop",
            "source": {
                "type": "git",
                "url": "https://github.com/thinframe/events.git",
                "reference": "432054c7995bbfcf38eb42ada6c468c7018474cc"
            },
            "dist": {
                "type": "zip",
                "url": "https://api.github.com/repos/thinframe/events/zipball/432054c7995bbfcf38eb42ada6c468c7018474cc",
                "reference": "432054c7995bbfcf38eb42ada6c468c7018474cc",
                "shasum": ""
            },
            "require": {
                "php": ">=5.4.0",
                "thinframe/applications": "dev-develop",
                "thinframe/foundation": "dev-develop",
                "thinframe/monolog": "dev-develop"
            },
            "require-dev": {
                "phpunit/phpunit": "3.7.32"
            },
            "type": "library",
            "extra": {
                "branch-alias": {
                    "dev-master": "0.2-dev",
                    "dev-develop": "0.3-dev"
                }
            },
            "autoload": {
                "psr-4": {
                    "ThinFrame\\Events\\": "src/"
                }
            },
            "notification-url": "https://packagist.org/downloads/",
            "license": [
                "MIT"
            ],
            "authors": [
                {
                    "name": "Sorin Badea",
                    "email": "sorin.badea91@gmail.com",
                    "homepage": "http://sorinbadea.me",
                    "role": "Developer"
                }
            ],
            "description": "Powerful events system.",
            "homepage": "http://thinframe.net",
            "keywords": [
                "events",
                "thinframe"
            ],
            "time": "2014-03-09 18:17:41"
        },
        {
            "name": "thinframe/foundation",
            "version": "dev-develop",
            "source": {
                "type": "git",
                "url": "https://github.com/thinframe/foundation.git",
                "reference": "48bf25639c672229498ce06ada3e45323f6f2c25"
            },
            "dist": {
                "type": "zip",
                "url": "https://api.github.com/repos/thinframe/foundation/zipball/48bf25639c672229498ce06ada3e45323f6f2c25",
                "reference": "48bf25639c672229498ce06ada3e45323f6f2c25",
                "shasum": ""
            },
            "require": {
                "danielstjules/stringy": "1.4.0",
                "php": ">=5.4.0",
                "phpcollection/phpcollection": "0.3.1"
            },
            "require-dev": {
                "phpunit/phpunit": "3.7.32"
            },
            "type": "library",
            "extra": {
                "branch-alias": {
                    "dev-master": "0.2-dev",
                    "dev-develop": "0.3-dev"
                }
            },
            "autoload": {
                "psr-4": {
                    "ThinFrame\\Foundation\\": "src/"
                }
            },
            "notification-url": "https://packagist.org/downloads/",
            "license": [
                "MIT"
            ],
            "authors": [
                {
                    "name": "Sorin Badea",
                    "email": "sorin.badea91@gmail.com",
                    "homepage": "http://sorinbadea.me",
                    "role": "Developer"
                }
            ],
            "description": "A collection of classes that make the foundation of all ThinFrame components",
            "homepage": "http://thinframe.net",
            "keywords": [
                "foundation",
                "thinframe"
            ],
            "time": "2014-03-09 16:08:12"
        },
        {
            "name": "thinframe/monolog",
            "version": "dev-develop",
            "source": {
                "type": "git",
                "url": "https://github.com/thinframe/monolog.git",
                "reference": "cd6d6c85889bfd5994c609c478cf5056d8e9c8ed"
            },
            "dist": {
                "type": "zip",
                "url": "https://api.github.com/repos/thinframe/monolog/zipball/cd6d6c85889bfd5994c609c478cf5056d8e9c8ed",
                "reference": "cd6d6c85889bfd5994c609c478cf5056d8e9c8ed",
                "shasum": ""
            },
            "require": {
                "monolog/monolog": "@stable",
                "thinframe/applications": "dev-develop"
            },
            "type": "library",
            "extra": {
                "branch-alias": {
                    "dev-master": "0.1-dev"
                }
            },
            "autoload": {
                "psr-4": {
                    "ThinFrame\\Monolog\\": "src/"
                }
            },
            "notification-url": "https://packagist.org/downloads/",
            "license": [
                "MIT"
            ],
            "authors": [
                {
                    "name": "Sorin Badea",
                    "email": "sorin.badea91@gmail.com",
                    "homepage": "http://sorinbadea.me",
                    "role": "Developer"
                }
            ],
            "description": "Monolog Application",
            "homepage": "http://thinframe.net",
            "keywords": [
                "logger",
                "monolog",
                "thinframe"
            ],
            "time": "2014-03-09 14:31:53"
        }
    ],
    "packages-dev": [

    ],
    "aliases": [

    ],
    "minimum-stability": "dev",
    "stability-flags": {
        "thinframe/foundation": 20,
        "thinframe/events": 20
    },
    "platform": {
        "php": ">=5.4.0"
    },
    "platform-dev": [

    ]
}
